
Microsoft Visual Studio Solution File, Format Version 12.00
# Visual Studio 15
VisualStudioVersion = 15.0.28307.329
MinimumVisualStudioVersion = 10.0.40219.1
Project("{8BC9CEB8-8B4A-11D0-8D11-00A0C91BC942}") = "lab05_txtFiles", "lab05_txtFiles\lab05_txtFiles.vcxproj", "{D48FCE18-1234-4B91-83CC-9ADF49D563F8}"
EndProject
Global
	GlobalSection(SolutionConfigurationPlatforms) = preSolution
		Debug|x64 = Debug|x64
		Debug|x86 = Debug|x86
		Release|x64 = Release|x64
		Release|x86 = Release|x86
	EndGlobalSection
	GlobalSection(ProjectConfigurationPlatforms) = postSolution
		{D48FCE18-1234-4B91-83CC-9ADF49D563F8}.Debug|x64.ActiveCfg = Debug|x64
		{D48FCE18-1234-4B91-83CC-9ADF49D563F8}.Debug|x64.Build.0 = Debug|x64
		{D48FCE18-1234-4B91-83CC-9ADF49D563F8}.Debug|x86.ActiveCfg = Debug|Win32
		{D48FCE18-1234-4B91-83CC-9ADF49D563F8}.Debug|x86.Build.0 = Debug|Win32
		{D48FCE18-1234-4B91-83CC-9ADF49D563F8}.Release|x64.ActiveCfg = Release|x64
		{D48FCE18-1234-4B91-83CC-9ADF49D563F8}.Release|x64.Build.0 = Release|x64
		{D48FCE18-1234-4B91-83CC-9ADF49D563F8}.Release|x86.ActiveCfg = Release|Win32
		{D48FCE18-1234-4B91-83CC-9ADF49D563F8}.Release|x86.Build.0 = Release|Win32
	EndGlobalSection
	GlobalSection(SolutionProperties) = preSolution
		HideSolutionNode = FALSE
	EndGlobalSection
	GlobalSection(ExtensibilityGlobals) = postSolution
		SolutionGuid = {6A2DF2A9-F72C-4C8D-9436-2D77347D2BF0}
	EndGlobalSection
EndGlobal
