
Microsoft Visual Studio Solution File, Format Version 12.00
# Visual Studio 15
VisualStudioVersion = 15.0.28307.902
MinimumVisualStudioVersion = 10.0.40219.1
Project("{8BC9CEB8-8B4A-11D0-8D11-00A0C91BC942}") = "lab07_sender", "lab07_sender\lab07_sender.vcxproj", "{9E793317-3FFC-416E-BA15-E42689677587}"
EndProject
Project("{8BC9CEB8-8B4A-11D0-8D11-00A0C91BC942}") = "lab07_receiver", "lab07_receiver\lab07_receiver.vcxproj", "{4D200926-1296-46C9-AC80-8FC26D1258D1}"
EndProject
Global
	GlobalSection(SolutionConfigurationPlatforms) = preSolution
		Debug|x64 = Debug|x64
		Debug|x86 = Debug|x86
		Release|x64 = Release|x64
		Release|x86 = Release|x86
	EndGlobalSection
	GlobalSection(ProjectConfigurationPlatforms) = postSolution
		{9E793317-3FFC-416E-BA15-E42689677587}.Debug|x64.ActiveCfg = Debug|x64
		{9E793317-3FFC-416E-BA15-E42689677587}.Debug|x64.Build.0 = Debug|x64
		{9E793317-3FFC-416E-BA15-E42689677587}.Debug|x86.ActiveCfg = Debug|Win32
		{9E793317-3FFC-416E-BA15-E42689677587}.Debug|x86.Build.0 = Debug|Win32
		{9E793317-3FFC-416E-BA15-E42689677587}.Release|x64.ActiveCfg = Release|x64
		{9E793317-3FFC-416E-BA15-E42689677587}.Release|x64.Build.0 = Release|x64
		{9E793317-3FFC-416E-BA15-E42689677587}.Release|x86.ActiveCfg = Release|Win32
		{9E793317-3FFC-416E-BA15-E42689677587}.Release|x86.Build.0 = Release|Win32
		{4D200926-1296-46C9-AC80-8FC26D1258D1}.Debug|x64.ActiveCfg = Debug|x64
		{4D200926-1296-46C9-AC80-8FC26D1258D1}.Debug|x64.Build.0 = Debug|x64
		{4D200926-1296-46C9-AC80-8FC26D1258D1}.Debug|x86.ActiveCfg = Debug|Win32
		{4D200926-1296-46C9-AC80-8FC26D1258D1}.Debug|x86.Build.0 = Debug|Win32
		{4D200926-1296-46C9-AC80-8FC26D1258D1}.Release|x64.ActiveCfg = Release|x64
		{4D200926-1296-46C9-AC80-8FC26D1258D1}.Release|x64.Build.0 = Release|x64
		{4D200926-1296-46C9-AC80-8FC26D1258D1}.Release|x86.ActiveCfg = Release|Win32
		{4D200926-1296-46C9-AC80-8FC26D1258D1}.Release|x86.Build.0 = Release|Win32
	EndGlobalSection
	GlobalSection(SolutionProperties) = preSolution
		HideSolutionNode = FALSE
	EndGlobalSection
	GlobalSection(ExtensibilityGlobals) = postSolution
		SolutionGuid = {1C5412BB-4EB7-471D-9300-FAF9124008BB}
	EndGlobalSection
EndGlobal
